<?xml version="1.0" encoding="utf-8"?>
<Project ToolsVersion="4.0" xmlns="http://schemas.microsoft.com/developer/msbuild/2003">
  <ItemGroup>
    <ClCompile Include="main.cpp" />
    <ClCompile Include="ring_buffer.c" />
    <ClCompile Include="..\aynth.core\solutions\aynth.core\source_gen\aynth\audio_engine.c">
      <Filter>src-gen</Filter>
    </ClCompile>
    <ClCompile Include="..\aynth.core\solutions\aynth.core\source_gen\aynth\aynth.c">
      <Filter>src-gen</Filter>
    </ClCompile>
    <ClCompile Include="..\aynth.core\solutions\aynth.core\source_gen\aynth\midi.c">
      <Filter>src-gen</Filter>
    </ClCompile>
    <ClCompile Include="..\aynth.core\solutions\aynth.core\source_gen\aynth\modulators.c">
      <Filter>src-gen</Filter>
    </ClCompile>
    <ClCompile Include="..\aynth.core\solutions\aynth.core\source_gen\aynth\oscillators.c">
      <Filter>src-gen</Filter>
    </ClCompile>
    <ClCompile Include="..\aynth.core\solutions\aynth.core\source_gen\aynth\synth_elems.c">
      <Filter>src-gen</Filter>
    </ClCompile>
    <ClCompile Include="..\aynth.core\solutions\aynth.core\source_gen\aynth\utilities.c">
      <Filter>src-gen</Filter>
    </ClCompile>
    <ClCompile Include="..\aynth.core\solutions\aynth.core\source_gen\aynth\filters.c">
      <Filter>src-gen</Filter>
    </ClCompile>
    <ClCompile Include="..\aynth.core\solutions\aynth.core\source_gen\aynth\delays.c">
      <Filter>src-gen</Filter>
    </ClCompile>
  </ItemGroup>
  <ItemGroup>
    <Filter Include="src-gen">
      <UniqueIdentifier>{51379973-0837-4caf-9656-4497c0f89e36}</UniqueIdentifier>
    </Filter>
    <Filter Include="portaudio">
      <UniqueIdentifier>{4859eafc-49cb-47c6-9494-e211ca5b737d}</UniqueIdentifier>
    </Filter>
  </ItemGroup>
  <ItemGroup>
    <ClInclude Include="ring_buffer.h" />
    <ClInclude Include="..\aynth.core\solutions\aynth.core\source_gen\aynth\audio_engine.h">
      <Filter>src-gen</Filter>
    </ClInclude>
    <ClInclude Include="..\aynth.core\solutions\aynth.core\source_gen\aynth\aynth.h">
      <Filter>src-gen</Filter>
    </ClInclude>
    <ClInclude Include="..\aynth.core\solutions\aynth.core\source_gen\aynth\midi.h">
      <Filter>src-gen</Filter>
    </ClInclude>
    <ClInclude Include="..\aynth.core\solutions\aynth.core\source_gen\aynth\modulators.h">
      <Filter>src-gen</Filter>
    </ClInclude>
    <ClInclude Include="..\aynth.core\solutions\aynth.core\source_gen\aynth\oscillators.h">
      <Filter>src-gen</Filter>
    </ClInclude>
    <ClInclude Include="..\aynth.core\solutions\aynth.core\source_gen\aynth\synth_elems.h">
      <Filter>src-gen</Filter>
    </ClInclude>
    <ClInclude Include="..\aynth.core\solutions\aynth.core\source_gen\aynth\utilities.h">
      <Filter>src-gen</Filter>
    </ClInclude>
    <ClInclude Include="portmedia\portmidi.h">
      <Filter>portaudio</Filter>
    </ClInclude>
    <ClInclude Include="portmedia\porttime.h">
      <Filter>portaudio</Filter>
    </ClInclude>
    <ClInclude Include="portmedia\portaudio.h">
      <Filter>portaudio</Filter>
    </ClInclude>
    <ClInclude Include="portmedia\pa_win_wmme.h">
      <Filter>portaudio</Filter>
    </ClInclude>
    <ClInclude Include="portmedia\pa_win_waveformat.h">
      <Filter>portaudio</Filter>
    </ClInclude>
    <ClInclude Include="portmedia\pa_win_ds.h">
      <Filter>portaudio</Filter>
    </ClInclude>
    <ClInclude Include="portmedia\pa_stream.h">
      <Filter>portaudio</Filter>
    </ClInclude>
    <ClInclude Include="portmedia\pa_asio.h">
      <Filter>portaudio</Filter>
    </ClInclude>
    <ClInclude Include="portmedia\pmutil.h">
      <Filter>portaudio</Filter>
    </ClInclude>
    <ClInclude Include="..\aynth.core\solutions\aynth.core\source_gen\aynth\filters.h">
      <Filter>src-gen</Filter>
    </ClInclude>
    <ClInclude Include="..\aynth.core\solutions\aynth.core\source_gen\aynth\delays.h">
      <Filter>src-gen</Filter>
    </ClInclude>
  </ItemGroup>
  <ItemGroup>
    <None Include="portmedia\portaudio_x86.dll">
      <Filter>portaudio</Filter>
    </None>
    <None Include="portmedia\portaudio_x86.exp">
      <Filter>portaudio</Filter>
    </None>
    <None Include="portmedia\portaudio_x86.pdb">
      <Filter>portaudio</Filter>
    </None>
    <None Include="portmedia\portmidi_s.pdb">
      <Filter>portaudio</Filter>
    </None>
  </ItemGroup>
  <ItemGroup>
    <Library Include="portmedia\portaudio_x86.lib">
      <Filter>portaudio</Filter>
    </Library>
    <Library Include="portmedia\portmidi_s.lib">
      <Filter>portaudio</Filter>
    </Library>
  </ItemGroup>
</Project>